// !$*UTF8*$!
{
	archiveVersion = 1;
	classes = {
	};
	objectVersion = 77;
	objects = {

/* Begin PBXBuildFile section */
		BD103AF22DD5EED50098F994 /* WidgetKit.framework in Frameworks */ = {isa = PBXBuildFile; fileRef = BD1038F22DD5AFC80098F994 /* WidgetKit.framework */; };
		BD103AF32DD5EED50098F994 /* SwiftUI.framework in Frameworks */ = {isa = PBXBuildFile; fileRef = BD1038F42DD5AFC80098F994 /* SwiftUI.framework */; };
		BD103B002DD5EED60098F994 /* FeatureWidgetExtension.appex in Embed Foundation Extensions */ = {isa = PBXBuildFile; fileRef = BD103AF12DD5EED50098F994 /* FeatureWidgetExtension.appex */; settings = {ATTRIBUTES = (RemoveHeadersOnCopy, ); }; };
/* End PBXBuildFile section */

/* Begin PBXContainerItemProxy section */
		4A685DC72D88083E0053791C /* PBXContainerItemProxy */ = {
			isa = PBXContainerItemProxy;
			containerPortal = 4A685DAC2D88083C0053791C /* Project object */;
			proxyType = 1;
			remoteGlobalIDString = 4A685DB32D88083C0053791C;
			remoteInfo = SwiftRide;
		};
		4A685DD12D88083E0053791C /* PBXContainerItemProxy */ = {
			isa = PBXContainerItemProxy;
			containerPortal = 4A685DAC2D88083C0053791C /* Project object */;
			proxyType = 1;
			remoteGlobalIDString = 4A685DB32D88083C0053791C;
			remoteInfo = SwiftRide;
		};
		BD103AFE2DD5EED60098F994 /* PBXContainerItemProxy */ = {
			isa = PBXContainerItemProxy;
			containerPortal = 4A685DAC2D88083C0053791C /* Project object */;
			proxyType = 1;
			remoteGlobalIDString = BD103AF02DD5EED50098F994;
			remoteInfo = FeatureWidgetExtension;
		};
/* End PBXContainerItemProxy section */

/* Begin PBXCopyFilesBuildPhase section */
		BD1039032DD5AFC90098F994 /* Embed Foundation Extensions */ = {
			isa = PBXCopyFilesBuildPhase;
			buildActionMask = 2147483647;
			dstPath = "";
			dstSubfolderSpec = 13;
			files = (
				BD103B002DD5EED60098F994 /* FeatureWidgetExtension.appex in Embed Foundation Extensions */,
			);
			name = "Embed Foundation Extensions";
			runOnlyForDeploymentPostprocessing = 0;
		};
/* End PBXCopyFilesBuildPhase section */

/* Begin PBXFileReference section */
		4A479BEB2D92E4150008030E /* SRPlayground.playground */ = {isa = PBXFileReference; lastKnownFileType = file.playground; path = SRPlayground.playground; sourceTree = "<group>"; xcLanguageSpecificationIdentifier = xcode.lang.swift; };
		4A685DB42D88083C0053791C /* SwiftRide.app */ = {isa = PBXFileReference; explicitFileType = wrapper.application; includeInIndex = 0; path = SwiftRide.app; sourceTree = BUILT_PRODUCTS_DIR; };
		4A685DC62D88083E0053791C /* SwiftRideTests.xctest */ = {isa = PBXFileReference; explicitFileType = wrapper.cfbundle; includeInIndex = 0; path = SwiftRideTests.xctest; sourceTree = BUILT_PRODUCTS_DIR; };
		4A685DD02D88083E0053791C /* SwiftRideUITests.xctest */ = {isa = PBXFileReference; explicitFileType = wrapper.cfbundle; includeInIndex = 0; path = SwiftRideUITests.xctest; sourceTree = BUILT_PRODUCTS_DIR; };
		BD1038F22DD5AFC80098F994 /* WidgetKit.framework */ = {isa = PBXFileReference; lastKnownFileType = wrapper.framework; name = WidgetKit.framework; path = System/Library/Frameworks/WidgetKit.framework; sourceTree = SDKROOT; };
		BD1038F42DD5AFC80098F994 /* SwiftUI.framework */ = {isa = PBXFileReference; lastKnownFileType = wrapper.framework; name = SwiftUI.framework; path = System/Library/Frameworks/SwiftUI.framework; sourceTree = SDKROOT; };
		BD103AF12DD5EED50098F994 /* FeatureWidgetExtension.appex */ = {isa = PBXFileReference; explicitFileType = "wrapper.app-extension"; includeInIndex = 0; path = FeatureWidgetExtension.appex; sourceTree = BUILT_PRODUCTS_DIR; };
		BD5373212DD9C22D00CCC681 /* FeatureWidgetExtension.entitlements */ = {isa = PBXFileReference; lastKnownFileType = text.plist.entitlements; path = FeatureWidgetExtension.entitlements; sourceTree = "<group>"; };
/* End PBXFileReference section */

/* Begin PBXFileSystemSynchronizedBuildFileExceptionSet section */
		BD037D352DDAF50500A96B43 /* Exceptions for "FeatureWidget" folder in "SwiftRide" target */ = {
			isa = PBXFileSystemSynchronizedBuildFileExceptionSet;
			membershipExceptions = (
				FeatureWidgetBundle.swift,
				Info.plist,
			);
			target = 4A685DB32D88083C0053791C /* SwiftRide */;
		};
		BD037D3A2DDAF5A400A96B43 /* Exceptions for "FeatureWidget" folder in "FeatureWidgetExtension" target */ = {
			isa = PBXFileSystemSynchronizedBuildFileExceptionSet;
			membershipExceptions = (
				FeatureWidgetBundle.swift,
				Model/WidgetModel.swift,
				View/FeatureWidget.swift,
			);
			target = BD103AF02DD5EED50098F994 /* FeatureWidgetExtension */;
		};
		BDC6D1A72DD64D86004209DD /* Exceptions for "SwiftRide" folder in "FeatureWidgetExtension" target */ = {
			isa = PBXFileSystemSynchronizedBuildFileExceptionSet;
			membershipExceptions = (
				Model/BusStop.swift,
			);
			target = BD103AF02DD5EED50098F994 /* FeatureWidgetExtension */;
		};
/* End PBXFileSystemSynchronizedBuildFileExceptionSet section */

/* Begin PBXFileSystemSynchronizedRootGroup section */
		4A685DB62D88083C0053791C /* SwiftRide */ = {
			isa = PBXFileSystemSynchronizedRootGroup;
			exceptions = (
				BDC6D1A72DD64D86004209DD /* Exceptions for "SwiftRide" folder in "FeatureWidgetExtension" target */,
			);
			path = SwiftRide;
			sourceTree = "<group>";
		};
		4A685DC92D88083E0053791C /* SwiftRideTests */ = {
			isa = PBXFileSystemSynchronizedRootGroup;
			path = SwiftRideTests;
			sourceTree = "<group>";
		};
		4A685DD32D88083E0053791C /* SwiftRideUITests */ = {
			isa = PBXFileSystemSynchronizedRootGroup;
			path = SwiftRideUITests;
			sourceTree = "<group>";
		};
		BDC6D1892DD63BE6004209DD /* FeatureWidget */ = {
			isa = PBXFileSystemSynchronizedRootGroup;
			exceptions = (
				BD037D352DDAF50500A96B43 /* Exceptions for "FeatureWidget" folder in "SwiftRide" target */,
				BD037D3A2DDAF5A400A96B43 /* Exceptions for "FeatureWidget" folder in "FeatureWidgetExtension" target */,
			);
			path = FeatureWidget;
			sourceTree = "<group>";
		};
/* End PBXFileSystemSynchronizedRootGroup section */

/* Begin PBXFrameworksBuildPhase section */
		4A685DB12D88083C0053791C /* Frameworks */ = {
			isa = PBXFrameworksBuildPhase;
			buildActionMask = 2147483647;
			files = (
			);
			runOnlyForDeploymentPostprocessing = 0;
		};
		4A685DC32D88083E0053791C /* Frameworks */ = {
			isa = PBXFrameworksBuildPhase;
			buildActionMask = 2147483647;
			files = (
			);
			runOnlyForDeploymentPostprocessing = 0;
		};
		4A685DCD2D88083E0053791C /* Frameworks */ = {
			isa = PBXFrameworksBuildPhase;
			buildActionMask = 2147483647;
			files = (
			);
			runOnlyForDeploymentPostprocessing = 0;
		};
		BD103AEE2DD5EED50098F994 /* Frameworks */ = {
			isa = PBXFrameworksBuildPhase;
			buildActionMask = 2147483647;
			files = (
				BD103AF32DD5EED50098F994 /* SwiftUI.framework in Frameworks */,
				BD103AF22DD5EED50098F994 /* WidgetKit.framework in Frameworks */,
			);
			runOnlyForDeploymentPostprocessing = 0;
		};
/* End PBXFrameworksBuildPhase section */

/* Begin PBXGroup section */
		4A685DAB2D88083C0053791C = {
			isa = PBXGroup;
			children = (
				BD5373212DD9C22D00CCC681 /* FeatureWidgetExtension.entitlements */,
				4A685DB62D88083C0053791C /* SwiftRide */,
				4A685DC92D88083E0053791C /* SwiftRideTests */,
				4A685DD32D88083E0053791C /* SwiftRideUITests */,
				BDC6D1892DD63BE6004209DD /* FeatureWidget */,
				BD1038F12DD5AFC80098F994 /* Frameworks */,
				4A685DB52D88083C0053791C /* Products */,
				4A479BEB2D92E4150008030E /* SRPlayground.playground */,
			);
			sourceTree = "<group>";
		};
		4A685DB52D88083C0053791C /* Products */ = {
			isa = PBXGroup;
			children = (
				4A685DB42D88083C0053791C /* SwiftRide.app */,
				4A685DC62D88083E0053791C /* SwiftRideTests.xctest */,
				4A685DD02D88083E0053791C /* SwiftRideUITests.xctest */,
				BD103AF12DD5EED50098F994 /* FeatureWidgetExtension.appex */,
			);
			name = Products;
			sourceTree = "<group>";
		};
		BD1038F12DD5AFC80098F994 /* Frameworks */ = {
			isa = PBXGroup;
			children = (
				BD1038F22DD5AFC80098F994 /* WidgetKit.framework */,
				BD1038F42DD5AFC80098F994 /* SwiftUI.framework */,
			);
			name = Frameworks;
			sourceTree = "<group>";
		};
/* End PBXGroup section */

/* Begin PBXNativeTarget section */
		4A685DB32D88083C0053791C /* SwiftRide */ = {
			isa = PBXNativeTarget;
			buildConfigurationList = 4A685DDA2D88083E0053791C /* Build configuration list for PBXNativeTarget "SwiftRide" */;
			buildPhases = (
				4A685DB02D88083C0053791C /* Sources */,
				4A685DB12D88083C0053791C /* Frameworks */,
				4A685DB22D88083C0053791C /* Resources */,
				BD1039032DD5AFC90098F994 /* Embed Foundation Extensions */,
			);
			buildRules = (
			);
			dependencies = (
				BD103AFF2DD5EED60098F994 /* PBXTargetDependency */,
			);
			fileSystemSynchronizedGroups = (
				4A685DB62D88083C0053791C /* SwiftRide */,
				BDC6D1892DD63BE6004209DD /* FeatureWidget */,
			);
			name = SwiftRide;
			packageProductDependencies = (
			);
			productName = SwiftRide;
			productReference = 4A685DB42D88083C0053791C /* SwiftRide.app */;
			productType = "com.apple.product-type.application";
		};
		4A685DC52D88083E0053791C /* SwiftRideTests */ = {
			isa = PBXNativeTarget;
			buildConfigurationList = 4A685DDD2D88083E0053791C /* Build configuration list for PBXNativeTarget "SwiftRideTests" */;
			buildPhases = (
				4A685DC22D88083E0053791C /* Sources */,
				4A685DC32D88083E0053791C /* Frameworks */,
				4A685DC42D88083E0053791C /* Resources */,
			);
			buildRules = (
			);
			dependencies = (
				4A685DC82D88083E0053791C /* PBXTargetDependency */,
			);
			fileSystemSynchronizedGroups = (
				4A685DC92D88083E0053791C /* SwiftRideTests */,
			);
			name = SwiftRideTests;
			packageProductDependencies = (
			);
			productName = SwiftRideTests;
			productReference = 4A685DC62D88083E0053791C /* SwiftRideTests.xctest */;
			productType = "com.apple.product-type.bundle.unit-test";
		};
		4A685DCF2D88083E0053791C /* SwiftRideUITests */ = {
			isa = PBXNativeTarget;
			buildConfigurationList = 4A685DE02D88083E0053791C /* Build configuration list for PBXNativeTarget "SwiftRideUITests" */;
			buildPhases = (
				4A685DCC2D88083E0053791C /* Sources */,
				4A685DCD2D88083E0053791C /* Frameworks */,
				4A685DCE2D88083E0053791C /* Resources */,
			);
			buildRules = (
			);
			dependencies = (
				4A685DD22D88083E0053791C /* PBXTargetDependency */,
			);
			fileSystemSynchronizedGroups = (
				4A685DD32D88083E0053791C /* SwiftRideUITests */,
			);
			name = SwiftRideUITests;
			packageProductDependencies = (
			);
			productName = SwiftRideUITests;
			productReference = 4A685DD02D88083E0053791C /* SwiftRideUITests.xctest */;
			productType = "com.apple.product-type.bundle.ui-testing";
		};
		BD103AF02DD5EED50098F994 /* FeatureWidgetExtension */ = {
			isa = PBXNativeTarget;
			buildConfigurationList = BD103B042DD5EED60098F994 /* Build configuration list for PBXNativeTarget "FeatureWidgetExtension" */;
			buildPhases = (
				BD103AED2DD5EED50098F994 /* Sources */,
				BD103AEE2DD5EED50098F994 /* Frameworks */,
				BD103AEF2DD5EED50098F994 /* Resources */,
			);
			buildRules = (
			);
			dependencies = (
			);
			name = FeatureWidgetExtension;
			packageProductDependencies = (
			);
			productName = FeatureWidgetExtension;
			productReference = BD103AF12DD5EED50098F994 /* FeatureWidgetExtension.appex */;
			productType = "com.apple.product-type.app-extension";
		};
/* End PBXNativeTarget section */

/* Begin PBXProject section */
		4A685DAC2D88083C0053791C /* Project object */ = {
			isa = PBXProject;
			attributes = {
				BuildIndependentTargetsInParallel = 1;
				LastSwiftUpdateCheck = 1630;
				LastUpgradeCheck = 1620;
				TargetAttributes = {
					4A685DB32D88083C0053791C = {
						CreatedOnToolsVersion = 16.2;
					};
					4A685DC52D88083E0053791C = {
						CreatedOnToolsVersion = 16.2;
						TestTargetID = 4A685DB32D88083C0053791C;
					};
					4A685DCF2D88083E0053791C = {
						CreatedOnToolsVersion = 16.2;
						TestTargetID = 4A685DB32D88083C0053791C;
					};
					BD103AF02DD5EED50098F994 = {
						CreatedOnToolsVersion = 16.3;
					};
				};
			};
			buildConfigurationList = 4A685DAF2D88083C0053791C /* Build configuration list for PBXProject "SwiftRide" */;
			developmentRegion = en;
			hasScannedForEncodings = 0;
			knownRegions = (
				en,
				Base,
			);
			mainGroup = 4A685DAB2D88083C0053791C;
			minimizedProjectReferenceProxies = 1;
			preferredProjectObjectVersion = 77;
			productRefGroup = 4A685DB52D88083C0053791C /* Products */;
			projectDirPath = "";
			projectRoot = "";
			targets = (
				4A685DB32D88083C0053791C /* SwiftRide */,
				4A685DC52D88083E0053791C /* SwiftRideTests */,
				4A685DCF2D88083E0053791C /* SwiftRideUITests */,
				BD103AF02DD5EED50098F994 /* FeatureWidgetExtension */,
			);
		};
/* End PBXProject section */

/* Begin PBXResourcesBuildPhase section */
		4A685DB22D88083C0053791C /* Resources */ = {
			isa = PBXResourcesBuildPhase;
			buildActionMask = 2147483647;
			files = (
			);
			runOnlyForDeploymentPostprocessing = 0;
		};
		4A685DC42D88083E0053791C /* Resources */ = {
			isa = PBXResourcesBuildPhase;
			buildActionMask = 2147483647;
			files = (
			);
			runOnlyForDeploymentPostprocessing = 0;
		};
		4A685DCE2D88083E0053791C /* Resources */ = {
			isa = PBXResourcesBuildPhase;
			buildActionMask = 2147483647;
			files = (
			);
			runOnlyForDeploymentPostprocessing = 0;
		};
		BD103AEF2DD5EED50098F994 /* Resources */ = {
			isa = PBXResourcesBuildPhase;
			buildActionMask = 2147483647;
			files = (
			);
			runOnlyForDeploymentPostprocessing = 0;
		};
/* End PBXResourcesBuildPhase section */

/* Begin PBXSourcesBuildPhase section */
		4A685DB02D88083C0053791C /* Sources */ = {
			isa = PBXSourcesBuildPhase;
			buildActionMask = 2147483647;
			files = (
			);
			runOnlyForDeploymentPostprocessing = 0;
		};
		4A685DC22D88083E0053791C /* Sources */ = {
			isa = PBXSourcesBuildPhase;
			buildActionMask = 2147483647;
			files = (
			);
			runOnlyForDeploymentPostprocessing = 0;
		};
		4A685DCC2D88083E0053791C /* Sources */ = {
			isa = PBXSourcesBuildPhase;
			buildActionMask = 2147483647;
			files = (
			);
			runOnlyForDeploymentPostprocessing = 0;
		};
		BD103AED2DD5EED50098F994 /* Sources */ = {
			isa = PBXSourcesBuildPhase;
			buildActionMask = 2147483647;
			files = (
			);
			runOnlyForDeploymentPostprocessing = 0;
		};
/* End PBXSourcesBuildPhase section */

/* Begin PBXTargetDependency section */
		4A685DC82D88083E0053791C /* PBXTargetDependency */ = {
			isa = PBXTargetDependency;
			target = 4A685DB32D88083C0053791C /* SwiftRide */;
			targetProxy = 4A685DC72D88083E0053791C /* PBXContainerItemProxy */;
		};
		4A685DD22D88083E0053791C /* PBXTargetDependency */ = {
			isa = PBXTargetDependency;
			target = 4A685DB32D88083C0053791C /* SwiftRide */;
			targetProxy = 4A685DD12D88083E0053791C /* PBXContainerItemProxy */;
		};
		BD103AFF2DD5EED60098F994 /* PBXTargetDependency */ = {
			isa = PBXTargetDependency;
			target = BD103AF02DD5EED50098F994 /* FeatureWidgetExtension */;
			targetProxy = BD103AFE2DD5EED60098F994 /* PBXContainerItemProxy */;
		};
/* End PBXTargetDependency section */

/* Begin XCBuildConfiguration section */
		4A685DD82D88083E0053791C /* Debug */ = {
			isa = XCBuildConfiguration;
			buildSettings = {
				ALWAYS_SEARCH_USER_PATHS = NO;
				ASSETCATALOG_COMPILER_GENERATE_SWIFT_ASSET_SYMBOL_EXTENSIONS = YES;
				CLANG_ANALYZER_NONNULL = YES;
				CLANG_ANALYZER_NUMBER_OBJECT_CONVERSION = YES_AGGRESSIVE;
				CLANG_CXX_LANGUAGE_STANDARD = "gnu++20";
				CLANG_ENABLE_MODULES = YES;
				CLANG_ENABLE_OBJC_ARC = YES;
				CLANG_ENABLE_OBJC_WEAK = YES;
				CLANG_WARN_BLOCK_CAPTURE_AUTORELEASING = YES;
				CLANG_WARN_BOOL_CONVERSION = YES;
				CLANG_WARN_COMMA = YES;
				CLANG_WARN_CONSTANT_CONVERSION = YES;
				CLANG_WARN_DEPRECATED_OBJC_IMPLEMENTATIONS = YES;
				CLANG_WARN_DIRECT_OBJC_ISA_USAGE = YES_ERROR;
				CLANG_WARN_DOCUMENTATION_COMMENTS = YES;
				CLANG_WARN_EMPTY_BODY = YES;
				CLANG_WARN_ENUM_CONVERSION = YES;
				CLANG_WARN_INFINITE_RECURSION = YES;
				CLANG_WARN_INT_CONVERSION = YES;
				CLANG_WARN_NON_LITERAL_NULL_CONVERSION = YES;
				CLANG_WARN_OBJC_IMPLICIT_RETAIN_SELF = YES;
				CLANG_WARN_OBJC_LITERAL_CONVERSION = YES;
				CLANG_WARN_OBJC_ROOT_CLASS = YES_ERROR;
				CLANG_WARN_QUOTED_INCLUDE_IN_FRAMEWORK_HEADER = YES;
				CLANG_WARN_RANGE_LOOP_ANALYSIS = YES;
				CLANG_WARN_STRICT_PROTOTYPES = YES;
				CLANG_WARN_SUSPICIOUS_MOVE = YES;
				CLANG_WARN_UNGUARDED_AVAILABILITY = YES_AGGRESSIVE;
				CLANG_WARN_UNREACHABLE_CODE = YES;
				CLANG_WARN__DUPLICATE_METHOD_MATCH = YES;
				COPY_PHASE_STRIP = NO;
				DEBUG_INFORMATION_FORMAT = dwarf;
				ENABLE_STRICT_OBJC_MSGSEND = YES;
				ENABLE_TESTABILITY = YES;
				ENABLE_USER_SCRIPT_SANDBOXING = YES;
				GCC_C_LANGUAGE_STANDARD = gnu17;
				GCC_DYNAMIC_NO_PIC = NO;
				GCC_NO_COMMON_BLOCKS = YES;
				GCC_OPTIMIZATION_LEVEL = 0;
				GCC_PREPROCESSOR_DEFINITIONS = (
					"DEBUG=1",
					"$(inherited)",
				);
				GCC_WARN_64_TO_32_BIT_CONVERSION = YES;
				GCC_WARN_ABOUT_RETURN_TYPE = YES_ERROR;
				GCC_WARN_UNDECLARED_SELECTOR = YES;
				GCC_WARN_UNINITIALIZED_AUTOS = YES_AGGRESSIVE;
				GCC_WARN_UNUSED_FUNCTION = YES;
				GCC_WARN_UNUSED_VARIABLE = YES;
				IPHONEOS_DEPLOYMENT_TARGET = 18.2;
				LOCALIZATION_PREFERS_STRING_CATALOGS = YES;
				MTL_ENABLE_DEBUG_INFO = INCLUDE_SOURCE;
				MTL_FAST_MATH = YES;
				ONLY_ACTIVE_ARCH = YES;
				SDKROOT = iphoneos;
				SWIFT_ACTIVE_COMPILATION_CONDITIONS = "DEBUG $(inherited)";
				SWIFT_OPTIMIZATION_LEVEL = "-Onone";
			};
			name = Debug;
		};
		4A685DD92D88083E0053791C /* Release */ = {
			isa = XCBuildConfiguration;
			buildSettings = {
				ALWAYS_SEARCH_USER_PATHS = NO;
				ASSETCATALOG_COMPILER_GENERATE_SWIFT_ASSET_SYMBOL_EXTENSIONS = YES;
				CLANG_ANALYZER_NONNULL = YES;
				CLANG_ANALYZER_NUMBER_OBJECT_CONVERSION = YES_AGGRESSIVE;
				CLANG_CXX_LANGUAGE_STANDARD = "gnu++20";
				CLANG_ENABLE_MODULES = YES;
				CLANG_ENABLE_OBJC_ARC = YES;
				CLANG_ENABLE_OBJC_WEAK = YES;
				CLANG_WARN_BLOCK_CAPTURE_AUTORELEASING = YES;
				CLANG_WARN_BOOL_CONVERSION = YES;
				CLANG_WARN_COMMA = YES;
				CLANG_WARN_CONSTANT_CONVERSION = YES;
				CLANG_WARN_DEPRECATED_OBJC_IMPLEMENTATIONS = YES;
				CLANG_WARN_DIRECT_OBJC_ISA_USAGE = YES_ERROR;
				CLANG_WARN_DOCUMENTATION_COMMENTS = YES;
				CLANG_WARN_EMPTY_BODY = YES;
				CLANG_WARN_ENUM_CONVERSION = YES;
				CLANG_WARN_INFINITE_RECURSION = YES;
				CLANG_WARN_INT_CONVERSION = YES;
				CLANG_WARN_NON_LITERAL_NULL_CONVERSION = YES;
				CLANG_WARN_OBJC_IMPLICIT_RETAIN_SELF = YES;
				CLANG_WARN_OBJC_LITERAL_CONVERSION = YES;
				CLANG_WARN_OBJC_ROOT_CLASS = YES_ERROR;
				CLANG_WARN_QUOTED_INCLUDE_IN_FRAMEWORK_HEADER = YES;
				CLANG_WARN_RANGE_LOOP_ANALYSIS = YES;
				CLANG_WARN_STRICT_PROTOTYPES = YES;
				CLANG_WARN_SUSPICIOUS_MOVE = YES;
				CLANG_WARN_UNGUARDED_AVAILABILITY = YES_AGGRESSIVE;
				CLANG_WARN_UNREACHABLE_CODE = YES;
				CLANG_WARN__DUPLICATE_METHOD_MATCH = YES;
				COPY_PHASE_STRIP = NO;
				DEBUG_INFORMATION_FORMAT = "dwarf-with-dsym";
				ENABLE_NS_ASSERTIONS = NO;
				ENABLE_STRICT_OBJC_MSGSEND = YES;
				ENABLE_USER_SCRIPT_SANDBOXING = YES;
				GCC_C_LANGUAGE_STANDARD = gnu17;
				GCC_NO_COMMON_BLOCKS = YES;
				GCC_WARN_64_TO_32_BIT_CONVERSION = YES;
				GCC_WARN_ABOUT_RETURN_TYPE = YES_ERROR;
				GCC_WARN_UNDECLARED_SELECTOR = YES;
				GCC_WARN_UNINITIALIZED_AUTOS = YES_AGGRESSIVE;
				GCC_WARN_UNUSED_FUNCTION = YES;
				GCC_WARN_UNUSED_VARIABLE = YES;
				IPHONEOS_DEPLOYMENT_TARGET = 18.2;
				LOCALIZATION_PREFERS_STRING_CATALOGS = YES;
				MTL_ENABLE_DEBUG_INFO = NO;
				MTL_FAST_MATH = YES;
				SDKROOT = iphoneos;
				SWIFT_COMPILATION_MODE = wholemodule;
				VALIDATE_PRODUCT = YES;
			};
			name = Release;
		};
		4A685DDB2D88083E0053791C /* Debug */ = {
			isa = XCBuildConfiguration;
			buildSettings = {
				ASSETCATALOG_COMPILER_APPICON_NAME = AppIcon;
				ASSETCATALOG_COMPILER_GLOBAL_ACCENT_COLOR_NAME = AccentColor;
				CODE_SIGN_ENTITLEMENTS = SwiftRide/SwiftRide.entitlements;
				CODE_SIGN_IDENTITY = "Apple Development";
				CODE_SIGN_STYLE = Automatic;
				CURRENT_PROJECT_VERSION = 1;
				DEVELOPMENT_ASSET_PATHS = "\"SwiftRide/Preview Content\"";
				DEVELOPMENT_TEAM = 84KMF7PD4V;
				ENABLE_PREVIEWS = YES;
				GENERATE_INFOPLIST_FILE = YES;
				INFOPLIST_KEY_NSLocationWhenInUseUsageDescription = "We need your location to show it on the map";
				INFOPLIST_KEY_UIApplicationSceneManifest_Generation = YES;
				INFOPLIST_KEY_UIApplicationSupportsIndirectInputEvents = YES;
				INFOPLIST_KEY_UILaunchScreen_Generation = YES;
				INFOPLIST_KEY_UISupportedInterfaceOrientations_iPad = "UIInterfaceOrientationPortrait UIInterfaceOrientationPortraitUpsideDown UIInterfaceOrientationLandscapeLeft UIInterfaceOrientationLandscapeRight";
				INFOPLIST_KEY_UISupportedInterfaceOrientations_iPhone = "UIInterfaceOrientationPortrait UIInterfaceOrientationLandscapeLeft UIInterfaceOrientationLandscapeRight";
				IPHONEOS_DEPLOYMENT_TARGET = 18.0;
				LD_RUNPATH_SEARCH_PATHS = (
					"$(inherited)",
					"@executable_path/Frameworks",
				);
				MARKETING_VERSION = 1.0;
				PRODUCT_BUNDLE_IDENTIFIER = "com.origin-lun.SwiftRide";
				PRODUCT_NAME = "$(TARGET_NAME)";
				PROVISIONING_PROFILE_SPECIFIER = "";
				SWIFT_EMIT_LOC_STRINGS = YES;
				SWIFT_VERSION = 5.0;
				TARGETED_DEVICE_FAMILY = "1,2";
			};
			name = Debug;
		};
		4A685DDC2D88083E0053791C /* Release */ = {
			isa = XCBuildConfiguration;
			buildSettings = {
				ASSETCATALOG_COMPILER_APPICON_NAME = AppIcon;
				ASSETCATALOG_COMPILER_GLOBAL_ACCENT_COLOR_NAME = AccentColor;
				CODE_SIGN_ENTITLEMENTS = SwiftRide/SwiftRide.entitlements;
				CODE_SIGN_IDENTITY = "Apple Development";
				CODE_SIGN_STYLE = Automatic;
				CURRENT_PROJECT_VERSION = 1;
				DEVELOPMENT_ASSET_PATHS = "\"SwiftRide/Preview Content\"";
				DEVELOPMENT_TEAM = 84KMF7PD4V;
				ENABLE_PREVIEWS = YES;
				GENERATE_INFOPLIST_FILE = YES;
				INFOPLIST_KEY_NSLocationWhenInUseUsageDescription = "We need your location to show it on the map";
				INFOPLIST_KEY_UIApplicationSceneManifest_Generation = YES;
				INFOPLIST_KEY_UIApplicationSupportsIndirectInputEvents = YES;
				INFOPLIST_KEY_UILaunchScreen_Generation = YES;
				INFOPLIST_KEY_UISupportedInterfaceOrientations_iPad = "UIInterfaceOrientationPortrait UIInterfaceOrientationPortraitUpsideDown UIInterfaceOrientationLandscapeLeft UIInterfaceOrientationLandscapeRight";
				INFOPLIST_KEY_UISupportedInterfaceOrientations_iPhone = "UIInterfaceOrientationPortrait UIInterfaceOrientationLandscapeLeft UIInterfaceOrientationLandscapeRight";
				IPHONEOS_DEPLOYMENT_TARGET = 18.0;
				LD_RUNPATH_SEARCH_PATHS = (
					"$(inherited)",
					"@executable_path/Frameworks",
				);
				MARKETING_VERSION = 1.0;
				PRODUCT_BUNDLE_IDENTIFIER = "com.origin-lun.SwiftRide";
				PRODUCT_NAME = "$(TARGET_NAME)";
				PROVISIONING_PROFILE_SPECIFIER = "";
				SWIFT_EMIT_LOC_STRINGS = YES;
				SWIFT_VERSION = 5.0;
				TARGETED_DEVICE_FAMILY = "1,2";
			};
			name = Release;
		};
		4A685DDE2D88083E0053791C /* Debug */ = {
			isa = XCBuildConfiguration;
			buildSettings = {
				BUNDLE_LOADER = "$(TEST_HOST)";
				CODE_SIGN_STYLE = Automatic;
				CURRENT_PROJECT_VERSION = 1;
				GENERATE_INFOPLIST_FILE = YES;
				IPHONEOS_DEPLOYMENT_TARGET = 17.6;
				MARKETING_VERSION = 1.0;
				PRODUCT_BUNDLE_IDENTIFIER = "com.ccone-seven.SwiftRideTests";
				PRODUCT_NAME = "$(TARGET_NAME)";
				SWIFT_EMIT_LOC_STRINGS = NO;
				SWIFT_VERSION = 5.0;
				TARGETED_DEVICE_FAMILY = "1,2";
				TEST_HOST = "$(BUILT_PRODUCTS_DIR)/SwiftRide.app/$(BUNDLE_EXECUTABLE_FOLDER_PATH)/SwiftRide";
			};
			name = Debug;
		};
		4A685DDF2D88083E0053791C /* Release */ = {
			isa = XCBuildConfiguration;
			buildSettings = {
				BUNDLE_LOADER = "$(TEST_HOST)";
				CODE_SIGN_STYLE = Automatic;
				CURRENT_PROJECT_VERSION = 1;
				GENERATE_INFOPLIST_FILE = YES;
				IPHONEOS_DEPLOYMENT_TARGET = 17.6;
				MARKETING_VERSION = 1.0;
				PRODUCT_BUNDLE_IDENTIFIER = "com.ccone-seven.SwiftRideTests";
				PRODUCT_NAME = "$(TARGET_NAME)";
				SWIFT_EMIT_LOC_STRINGS = NO;
				SWIFT_VERSION = 5.0;
				TARGETED_DEVICE_FAMILY = "1,2";
				TEST_HOST = "$(BUILT_PRODUCTS_DIR)/SwiftRide.app/$(BUNDLE_EXECUTABLE_FOLDER_PATH)/SwiftRide";
			};
			name = Release;
		};
		4A685DE12D88083E0053791C /* Debug */ = {
			isa = XCBuildConfiguration;
			buildSettings = {
				CODE_SIGN_STYLE = Automatic;
				CURRENT_PROJECT_VERSION = 1;
				GENERATE_INFOPLIST_FILE = YES;
				IPHONEOS_DEPLOYMENT_TARGET = 17.6;
				MARKETING_VERSION = 1.0;
				PRODUCT_BUNDLE_IDENTIFIER = "com.ccone-seven.SwiftRideUITests";
				PRODUCT_NAME = "$(TARGET_NAME)";
				SWIFT_EMIT_LOC_STRINGS = NO;
				SWIFT_VERSION = 5.0;
				TARGETED_DEVICE_FAMILY = "1,2";
				TEST_TARGET_NAME = SwiftRide;
			};
			name = Debug;
		};
		4A685DE22D88083E0053791C /* Release */ = {
			isa = XCBuildConfiguration;
			buildSettings = {
				CODE_SIGN_STYLE = Automatic;
				CURRENT_PROJECT_VERSION = 1;
				GENERATE_INFOPLIST_FILE = YES;
				IPHONEOS_DEPLOYMENT_TARGET = 17.6;
				MARKETING_VERSION = 1.0;
				PRODUCT_BUNDLE_IDENTIFIER = "com.ccone-seven.SwiftRideUITests";
				PRODUCT_NAME = "$(TARGET_NAME)";
				SWIFT_EMIT_LOC_STRINGS = NO;
				SWIFT_VERSION = 5.0;
				TARGETED_DEVICE_FAMILY = "1,2";
				TEST_TARGET_NAME = SwiftRide;
			};
			name = Release;
		};
		BD103B012DD5EED60098F994 /* Debug */ = {
			isa = XCBuildConfiguration;
			buildSettings = {
				ASSETCATALOG_COMPILER_GLOBAL_ACCENT_COLOR_NAME = AccentColor;
				ASSETCATALOG_COMPILER_WIDGET_BACKGROUND_COLOR_NAME = WidgetBackground;
				CODE_SIGN_ENTITLEMENTS = FeatureWidgetExtension.entitlements;
				CODE_SIGN_IDENTITY = "Apple Development";
				CODE_SIGN_STYLE = Automatic;
				CURRENT_PROJECT_VERSION = 1;
				DEVELOPMENT_TEAM = 84KMF7PD4V;
				GENERATE_INFOPLIST_FILE = YES;
				INFOPLIST_FILE = FeatureWidget/Info.plist;
				INFOPLIST_KEY_CFBundleDisplayName = FeatureWidget;
				INFOPLIST_KEY_NSHumanReadableCopyright = "";
				IPHONEOS_DEPLOYMENT_TARGET = 18.0;
				LD_RUNPATH_SEARCH_PATHS = (
					"$(inherited)",
					"@executable_path/Frameworks",
					"@executable_path/../../Frameworks",
				);
				MARKETING_VERSION = 1.0;
				PRODUCT_BUNDLE_IDENTIFIER = "com.origin-lun.SwiftRide.FeatureWidget";
				PRODUCT_NAME = "$(TARGET_NAME)";
				SKIP_INSTALL = YES;
				SWIFT_EMIT_LOC_STRINGS = YES;
				SWIFT_VERSION = 5.0;
				TARGETED_DEVICE_FAMILY = "1,2";
			};
			name = Debug;
		};
		BD103B022DD5EED60098F994 /* Release */ = {
			isa = XCBuildConfiguration;
			buildSettings = {
				ASSETCATALOG_COMPILER_GLOBAL_ACCENT_COLOR_NAME = AccentColor;
				ASSETCATALOG_COMPILER_WIDGET_BACKGROUND_COLOR_NAME = WidgetBackground;
				CODE_SIGN_ENTITLEMENTS = FeatureWidgetExtension.entitlements;
				CODE_SIGN_IDENTITY = "Apple Development";
				CODE_SIGN_STYLE = Automatic;
				CURRENT_PROJECT_VERSION = 1;
				DEVELOPMENT_TEAM = 84KMF7PD4V;
				GENERATE_INFOPLIST_FILE = YES;
				INFOPLIST_FILE = FeatureWidget/Info.plist;
				INFOPLIST_KEY_CFBundleDisplayName = FeatureWidget;
				INFOPLIST_KEY_NSHumanReadableCopyright = "";
				IPHONEOS_DEPLOYMENT_TARGET = 18.0;
				LD_RUNPATH_SEARCH_PATHS = (
					"$(inherited)",
					"@executable_path/Frameworks",
					"@executable_path/../../Frameworks",
				);
				MARKETING_VERSION = 1.0;
				PRODUCT_BUNDLE_IDENTIFIER = "com.origin-lun.SwiftRide.FeatureWidget";
				PRODUCT_NAME = "$(TARGET_NAME)";
				SKIP_INSTALL = YES;
				SWIFT_EMIT_LOC_STRINGS = YES;
				SWIFT_VERSION = 5.0;
				TARGETED_DEVICE_FAMILY = "1,2";
			};
			name = Release;
		};
/* End XCBuildConfiguration section */

/* Begin XCConfigurationList section */
		4A685DAF2D88083C0053791C /* Build configuration list for PBXProject "SwiftRide" */ = {
			isa = XCConfigurationList;
			buildConfigurations = (
				4A685DD82D88083E0053791C /* Debug */,
				4A685DD92D88083E0053791C /* Release */,
			);
			defaultConfigurationIsVisible = 0;
			defaultConfigurationName = Release;
		};
		4A685DDA2D88083E0053791C /* Build configuration list for PBXNativeTarget "SwiftRide" */ = {
			isa = XCConfigurationList;
			buildConfigurations = (
				4A685DDB2D88083E0053791C /* Debug */,
				4A685DDC2D88083E0053791C /* Release */,
			);
			defaultConfigurationIsVisible = 0;
			defaultConfigurationName = Release;
		};
		4A685DDD2D88083E0053791C /* Build configuration list for PBXNativeTarget "SwiftRideTests" */ = {
			isa = XCConfigurationList;
			buildConfigurations = (
				4A685DDE2D88083E0053791C /* Debug */,
				4A685DDF2D88083E0053791C /* Release */,
			);
			defaultConfigurationIsVisible = 0;
			defaultConfigurationName = Release;
		};
		4A685DE02D88083E0053791C /* Build configuration list for PBXNativeTarget "SwiftRideUITests" */ = {
			isa = XCConfigurationList;
			buildConfigurations = (
				4A685DE12D88083E0053791C /* Debug */,
				4A685DE22D88083E0053791C /* Release */,
			);
			defaultConfigurationIsVisible = 0;
			defaultConfigurationName = Release;
		};
		BD103B042DD5EED60098F994 /* Build configuration list for PBXNativeTarget "FeatureWidgetExtension" */ = {
			isa = XCConfigurationList;
			buildConfigurations = (
				BD103B012DD5EED60098F994 /* Debug */,
				BD103B022DD5EED60098F994 /* Release */,
			);
			defaultConfigurationIsVisible = 0;
			defaultConfigurationName = Release;
		};
/* End XCConfigurationList section */
	};
	rootObject = 4A685DAC2D88083C0053791C /* Project object */;
}
