// !$*UTF8*$!
{
	archiveVersion = 1;
	classes = {
	};
	objectVersion = 77;
	objects = {

/* Begin PBXBuildFile section */
		BD103AF22DD5EED50098F994 /* WidgetKit.framework in Frameworks */ = {isa = PBXBuildFile; fileRef = BD1038F22DD5AFC80098F994 /* WidgetKit.framework */; };
		BD103AF32DD5EED50098F994 /* SwiftUI.framework in Frameworks */ = {isa = PBXBuildFile; fileRef = BD1038F42DD5AFC80098F994 /* SwiftUI.framework */; };
		BD2013952E0C6283003FCDB4 /* BusSchedule.swift in Sources */ = {isa = PBXBuildFile; fileRef = BD20137E2E0C6283003FCDB4 /* BusSchedule.swift */; };
		BD2013962E0C6283003FCDB4 /* BusCard.swift in Sources */ = {isa = PBXBuildFile; fileRef = BD2013692E0C6283003FCDB4 /* BusCard.swift */; };
		BD2013972E0C6283003FCDB4 /* MapViewModel.swift in Sources */ = {isa = PBXBuildFile; fileRef = BD20138E2E0C6283003FCDB4 /* MapViewModel.swift */; };
		BD2013982E0C6283003FCDB4 /* BusRouteView.swift in Sources */ = {isa = PBXBuildFile; fileRef = BD2013852E0C6283003FCDB4 /* BusRouteView.swift */; };
		BD2013992E0C6283003FCDB4 /* StopAnnotation.swift in Sources */ = {isa = PBXBuildFile; fileRef = BD2013662E0C6283003FCDB4 /* StopAnnotation.swift */; };
		BD20139A2E0C6283003FCDB4 /* BusRouteDump.swift in Sources */ = {isa = PBXBuildFile; fileRef = BD20137A2E0C6283003FCDB4 /* BusRouteDump.swift */; };
		BD20139B2E0C6283003FCDB4 /* MapView.swift in Sources */ = {isa = PBXBuildFile; fileRef = BD2013832E0C6283003FCDB4 /* MapView.swift */; };
		BD20139C2E0C6283003FCDB4 /* DefaultSheetView.swift in Sources */ = {isa = PBXBuildFile; fileRef = BD2013872E0C6283003FCDB4 /* DefaultSheetView.swift */; };
		BD20139D2E0C6283003FCDB4 /* BusStop.swift in Sources */ = {isa = PBXBuildFile; fileRef = BD20137F2E0C6283003FCDB4 /* BusStop.swift */; };
		BD20139E2E0C6283003FCDB4 /* SearchBar.swift in Sources */ = {isa = PBXBuildFile; fileRef = BD20136E2E0C6283003FCDB4 /* SearchBar.swift */; };
		BD20139F2E0C6283003FCDB4 /* TitleCard.swift in Sources */ = {isa = PBXBuildFile; fileRef = BD20136A2E0C6283003FCDB4 /* TitleCard.swift */; };
		BD2013A02E0C6283003FCDB4 /* SplashView.swift in Sources */ = {isa = PBXBuildFile; fileRef = BD2013892E0C6283003FCDB4 /* SplashView.swift */; };
		BD2013A12E0C6283003FCDB4 /* UserAnnotation.swift in Sources */ = {isa = PBXBuildFile; fileRef = BD2013672E0C6283003FCDB4 /* UserAnnotation.swift */; };
		BD2013A22E0C6283003FCDB4 /* BusRouteViewModel.swift in Sources */ = {isa = PBXBuildFile; fileRef = BD20138C2E0C6283003FCDB4 /* BusRouteViewModel.swift */; };
		BD2013A32E0C6283003FCDB4 /* SheetViewModel.swift in Sources */ = {isa = PBXBuildFile; fileRef = BD20138F2E0C6283003FCDB4 /* SheetViewModel.swift */; };
		BD2013A42E0C6283003FCDB4 /* LocationManager.swift in Sources */ = {isa = PBXBuildFile; fileRef = BD20138D2E0C6283003FCDB4 /* LocationManager.swift */; };
		BD2013A52E0C6283003FCDB4 /* Bus.swift in Sources */ = {isa = PBXBuildFile; fileRef = BD20137D2E0C6283003FCDB4 /* Bus.swift */; };
		BD2013A62E0C6283003FCDB4 /* BusRouteDump2.swift in Sources */ = {isa = PBXBuildFile; fileRef = BD20137B2E0C6283003FCDB4 /* BusRouteDump2.swift */; };
		BD2013A72E0C6283003FCDB4 /* BusRow.swift in Sources */ = {isa = PBXBuildFile; fileRef = BD20136C2E0C6283003FCDB4 /* BusRow.swift */; };
		BD2013A82E0C6283003FCDB4 /* BSDGoApp.swift in Sources */ = {isa = PBXBuildFile; fileRef = BD2013932E0C6283003FCDB4 /* BSDGoApp.swift */; };
		BD2013A92E0C6283003FCDB4 /* BusStopDetailView.swift in Sources */ = {isa = PBXBuildFile; fileRef = BD2013862E0C6283003FCDB4 /* BusStopDetailView.swift */; };
		BD2013AA2E0C6283003FCDB4 /* Schedule.json in Resources */ = {isa = PBXBuildFile; fileRef = BD2013762E0C6283003FCDB4 /* Schedule.json */; };
		BD2013AB2E0C6283003FCDB4 /* Stops.json in Resources */ = {isa = PBXBuildFile; fileRef = BD2013782E0C6283003FCDB4 /* Stops.json */; };
		BD2013AC2E0C6283003FCDB4 /* Schedule_Vanya.json in Resources */ = {isa = PBXBuildFile; fileRef = BD2013732E0C6283003FCDB4 /* Schedule_Vanya.json */; };
		BD2013AD2E0C6283003FCDB4 /* Bus.json in Resources */ = {isa = PBXBuildFile; fileRef = BD2013752E0C6283003FCDB4 /* Bus.json */; };
		BD2013AE2E0C6283003FCDB4 /* Schedule_Breeze.json in Resources */ = {isa = PBXBuildFile; fileRef = BD2013712E0C6283003FCDB4 /* Schedule_Breeze.json */; };
		BD2013AF2E0C6283003FCDB4 /* Preview Assets.xcassets in Resources */ = {isa = PBXBuildFile; fileRef = BD2013812E0C6283003FCDB4 /* Preview Assets.xcassets */; };
		BD2013B02E0C6283003FCDB4 /* stops.csv in Resources */ = {isa = PBXBuildFile; fileRef = BD2013772E0C6283003FCDB4 /* stops.csv */; };
		BD2013B12E0C6283003FCDB4 /* Schedule_Intermoda_Sektor1.3.json in Resources */ = {isa = PBXBuildFile; fileRef = BD2013722E0C6283003FCDB4 /* Schedule_Intermoda_Sektor1.3.json */; };
		BD2013B22E0C6283003FCDB4 /* Assets.xcassets in Resources */ = {isa = PBXBuildFile; fileRef = BD2013912E0C6283003FCDB4 /* Assets.xcassets */; };
		BD70EFE22E0D2ECD0081BC4A /* BusStop.swift in Sources */ = {isa = PBXBuildFile; fileRef = BD20137F2E0C6283003FCDB4 /* BusStop.swift */; };
		BD9904152E0D05FC0070C495 /* FeatureWidgetExtension.appex in Embed Foundation Extensions */ = {isa = PBXBuildFile; fileRef = BD103AF12DD5EED50098F994 /* FeatureWidgetExtension.appex */; settings = {ATTRIBUTES = (RemoveHeadersOnCopy, ); }; };
/* End PBXBuildFile section */

/* Begin PBXContainerItemProxy section */
		4A685DC72D88083E0053791C /* PBXContainerItemProxy */ = {
			isa = PBXContainerItemProxy;
			containerPortal = 4A685DAC2D88083C0053791C /* Project object */;
			proxyType = 1;
			remoteGlobalIDString = 4A685DB32D88083C0053791C;
			remoteInfo = SwiftRide;
		};
		4A685DD12D88083E0053791C /* PBXContainerItemProxy */ = {
			isa = PBXContainerItemProxy;
			containerPortal = 4A685DAC2D88083C0053791C /* Project object */;
			proxyType = 1;
			remoteGlobalIDString = 4A685DB32D88083C0053791C;
			remoteInfo = SwiftRide;
		};
		BD103AFE2DD5EED60098F994 /* PBXContainerItemProxy */ = {
			isa = PBXContainerItemProxy;
			containerPortal = 4A685DAC2D88083C0053791C /* Project object */;
			proxyType = 1;
			remoteGlobalIDString = BD103AF02DD5EED50098F994;
			remoteInfo = FeatureWidgetExtension;
		};
/* End PBXContainerItemProxy section */

/* Begin PBXCopyFilesBuildPhase section */
		BD1039032DD5AFC90098F994 /* Embed Foundation Extensions */ = {
			isa = PBXCopyFilesBuildPhase;
			buildActionMask = 2147483647;
			dstPath = "";
			dstSubfolderSpec = 13;
			files = (
				BD9904152E0D05FC0070C495 /* FeatureWidgetExtension.appex in Embed Foundation Extensions */,
			);
			name = "Embed Foundation Extensions";
			runOnlyForDeploymentPostprocessing = 0;
		};
/* End PBXCopyFilesBuildPhase section */

/* Begin PBXFileReference section */
		4A479BEB2D92E4150008030E /* SRPlayground.playground */ = {isa = PBXFileReference; lastKnownFileType = file.playground; path = SRPlayground.playground; sourceTree = "<group>"; xcLanguageSpecificationIdentifier = xcode.lang.swift; };
		4A685DB42D88083C0053791C /* BSDGo.app */ = {isa = PBXFileReference; explicitFileType = wrapper.application; includeInIndex = 0; path = BSDGo.app; sourceTree = BUILT_PRODUCTS_DIR; };
		4A685DC62D88083E0053791C /* BSDGoTests.xctest */ = {isa = PBXFileReference; explicitFileType = wrapper.cfbundle; includeInIndex = 0; path = BSDGoTests.xctest; sourceTree = BUILT_PRODUCTS_DIR; };
		4A685DD02D88083E0053791C /* BSDGoUITests.xctest */ = {isa = PBXFileReference; explicitFileType = wrapper.cfbundle; includeInIndex = 0; path = BSDGoUITests.xctest; sourceTree = BUILT_PRODUCTS_DIR; };
		BD1038F22DD5AFC80098F994 /* WidgetKit.framework */ = {isa = PBXFileReference; lastKnownFileType = wrapper.framework; name = WidgetKit.framework; path = System/Library/Frameworks/WidgetKit.framework; sourceTree = SDKROOT; };
		BD1038F42DD5AFC80098F994 /* SwiftUI.framework */ = {isa = PBXFileReference; lastKnownFileType = wrapper.framework; name = SwiftUI.framework; path = System/Library/Frameworks/SwiftUI.framework; sourceTree = SDKROOT; };
		BD103AF12DD5EED50098F994 /* FeatureWidgetExtension.appex */ = {isa = PBXFileReference; explicitFileType = "wrapper.app-extension"; includeInIndex = 0; path = FeatureWidgetExtension.appex; sourceTree = BUILT_PRODUCTS_DIR; };
		BD2013662E0C6283003FCDB4 /* StopAnnotation.swift */ = {isa = PBXFileReference; lastKnownFileType = sourcecode.swift; path = StopAnnotation.swift; sourceTree = "<group>"; };
		BD2013672E0C6283003FCDB4 /* UserAnnotation.swift */ = {isa = PBXFileReference; lastKnownFileType = sourcecode.swift; path = UserAnnotation.swift; sourceTree = "<group>"; };
		BD2013692E0C6283003FCDB4 /* BusCard.swift */ = {isa = PBXFileReference; lastKnownFileType = sourcecode.swift; path = BusCard.swift; sourceTree = "<group>"; };
		BD20136A2E0C6283003FCDB4 /* TitleCard.swift */ = {isa = PBXFileReference; lastKnownFileType = sourcecode.swift; path = TitleCard.swift; sourceTree = "<group>"; };
		BD20136C2E0C6283003FCDB4 /* BusRow.swift */ = {isa = PBXFileReference; lastKnownFileType = sourcecode.swift; path = BusRow.swift; sourceTree = "<group>"; };
		BD20136E2E0C6283003FCDB4 /* SearchBar.swift */ = {isa = PBXFileReference; lastKnownFileType = sourcecode.swift; path = SearchBar.swift; sourceTree = "<group>"; };
		BD2013712E0C6283003FCDB4 /* Schedule_Breeze.json */ = {isa = PBXFileReference; lastKnownFileType = text.json; path = Schedule_Breeze.json; sourceTree = "<group>"; };
		BD2013722E0C6283003FCDB4 /* Schedule_Intermoda_Sektor1.3.json */ = {isa = PBXFileReference; lastKnownFileType = text.json; path = Schedule_Intermoda_Sektor1.3.json; sourceTree = "<group>"; };
		BD2013732E0C6283003FCDB4 /* Schedule_Vanya.json */ = {isa = PBXFileReference; lastKnownFileType = text.json; path = Schedule_Vanya.json; sourceTree = "<group>"; };
		BD2013752E0C6283003FCDB4 /* Bus.json */ = {isa = PBXFileReference; lastKnownFileType = text.json; path = Bus.json; sourceTree = "<group>"; };
		BD2013762E0C6283003FCDB4 /* Schedule.json */ = {isa = PBXFileReference; lastKnownFileType = text.json; path = Schedule.json; sourceTree = "<group>"; };
		BD2013772E0C6283003FCDB4 /* stops.csv */ = {isa = PBXFileReference; lastKnownFileType = text; path = stops.csv; sourceTree = "<group>"; };
		BD2013782E0C6283003FCDB4 /* Stops.json */ = {isa = PBXFileReference; lastKnownFileType = text.json; path = Stops.json; sourceTree = "<group>"; };
		BD20137A2E0C6283003FCDB4 /* BusRouteDump.swift */ = {isa = PBXFileReference; lastKnownFileType = sourcecode.swift; path = BusRouteDump.swift; sourceTree = "<group>"; };
		BD20137B2E0C6283003FCDB4 /* BusRouteDump2.swift */ = {isa = PBXFileReference; lastKnownFileType = sourcecode.swift; path = BusRouteDump2.swift; sourceTree = "<group>"; };
		BD20137D2E0C6283003FCDB4 /* Bus.swift */ = {isa = PBXFileReference; lastKnownFileType = sourcecode.swift; path = Bus.swift; sourceTree = "<group>"; };
		BD20137E2E0C6283003FCDB4 /* BusSchedule.swift */ = {isa = PBXFileReference; lastKnownFileType = sourcecode.swift; path = BusSchedule.swift; sourceTree = "<group>"; };
		BD20137F2E0C6283003FCDB4 /* BusStop.swift */ = {isa = PBXFileReference; lastKnownFileType = sourcecode.swift; path = BusStop.swift; sourceTree = "<group>"; };
		BD2013812E0C6283003FCDB4 /* Preview Assets.xcassets */ = {isa = PBXFileReference; lastKnownFileType = folder.assetcatalog; path = "Preview Assets.xcassets"; sourceTree = "<group>"; };
		BD2013832E0C6283003FCDB4 /* MapView.swift */ = {isa = PBXFileReference; lastKnownFileType = sourcecode.swift; path = MapView.swift; sourceTree = "<group>"; };
		BD2013852E0C6283003FCDB4 /* BusRouteView.swift */ = {isa = PBXFileReference; lastKnownFileType = sourcecode.swift; path = BusRouteView.swift; sourceTree = "<group>"; };
		BD2013862E0C6283003FCDB4 /* BusStopDetailView.swift */ = {isa = PBXFileReference; lastKnownFileType = sourcecode.swift; path = BusStopDetailView.swift; sourceTree = "<group>"; };
		BD2013872E0C6283003FCDB4 /* DefaultSheetView.swift */ = {isa = PBXFileReference; lastKnownFileType = sourcecode.swift; path = DefaultSheetView.swift; sourceTree = "<group>"; };
		BD2013892E0C6283003FCDB4 /* SplashView.swift */ = {isa = PBXFileReference; lastKnownFileType = sourcecode.swift; path = SplashView.swift; sourceTree = "<group>"; };
		BD20138C2E0C6283003FCDB4 /* BusRouteViewModel.swift */ = {isa = PBXFileReference; lastKnownFileType = sourcecode.swift; path = BusRouteViewModel.swift; sourceTree = "<group>"; };
		BD20138D2E0C6283003FCDB4 /* LocationManager.swift */ = {isa = PBXFileReference; lastKnownFileType = sourcecode.swift; path = LocationManager.swift; sourceTree = "<group>"; };
		BD20138E2E0C6283003FCDB4 /* MapViewModel.swift */ = {isa = PBXFileReference; lastKnownFileType = sourcecode.swift; path = MapViewModel.swift; sourceTree = "<group>"; };
		BD20138F2E0C6283003FCDB4 /* SheetViewModel.swift */ = {isa = PBXFileReference; lastKnownFileType = sourcecode.swift; path = SheetViewModel.swift; sourceTree = "<group>"; };
		BD2013912E0C6283003FCDB4 /* Assets.xcassets */ = {isa = PBXFileReference; lastKnownFileType = folder.assetcatalog; path = Assets.xcassets; sourceTree = "<group>"; };
		BD2013932E0C6283003FCDB4 /* BSDGoApp.swift */ = {isa = PBXFileReference; lastKnownFileType = sourcecode.swift; path = BSDGoApp.swift; sourceTree = "<group>"; };
		BD5373212DD9C22D00CCC681 /* FeatureWidgetExtension.entitlements */ = {isa = PBXFileReference; lastKnownFileType = text.plist.entitlements; path = FeatureWidgetExtension.entitlements; sourceTree = "<group>"; };
		BD9E3CD12E0CECDD00D1EC08 /* Base */ = {isa = PBXFileReference; lastKnownFileType = text.plist.entitlements; name = Base; path = Base.lproj/BSDGo.entitlements; sourceTree = "<group>"; };
/* End PBXFileReference section */

/* Begin PBXFileSystemSynchronizedBuildFileExceptionSet section */
		BD70EFE12E0D2D570081BC4A /* Exceptions for "FeatureWidget" folder in "BSDGo" target */ = {
			isa = PBXFileSystemSynchronizedBuildFileExceptionSet;
			membershipExceptions = (
				Model/WidgetModel.swift,
			);
			target = 4A685DB32D88083C0053791C /* BSDGo */;
		};
		BD9E3CC82E0CEA9100D1EC08 /* Exceptions for "FeatureWidget" folder in "FeatureWidgetExtension" target */ = {
			isa = PBXFileSystemSynchronizedBuildFileExceptionSet;
			membershipExceptions = (
				Info.plist,
			);
			target = BD103AF02DD5EED50098F994 /* FeatureWidgetExtension */;
		};
/* End PBXFileSystemSynchronizedBuildFileExceptionSet section */

/* Begin PBXFileSystemSynchronizedRootGroup section */
		BDC6D1892DD63BE6004209DD /* FeatureWidget */ = {
			isa = PBXFileSystemSynchronizedRootGroup;
			exceptions = (
				BD70EFE12E0D2D570081BC4A /* Exceptions for "FeatureWidget" folder in "BSDGo" target */,
				BD9E3CC82E0CEA9100D1EC08 /* Exceptions for "FeatureWidget" folder in "FeatureWidgetExtension" target */,
			);
			path = FeatureWidget;
			sourceTree = "<group>";
		};
/* End PBXFileSystemSynchronizedRootGroup section */

/* Begin PBXFrameworksBuildPhase section */
		4A685DB12D88083C0053791C /* Frameworks */ = {
			isa = PBXFrameworksBuildPhase;
			buildActionMask = 2147483647;
			files = (
			);
			runOnlyForDeploymentPostprocessing = 0;
		};
		4A685DC32D88083E0053791C /* Frameworks */ = {
			isa = PBXFrameworksBuildPhase;
			buildActionMask = 2147483647;
			files = (
			);
			runOnlyForDeploymentPostprocessing = 0;
		};
		4A685DCD2D88083E0053791C /* Frameworks */ = {
			isa = PBXFrameworksBuildPhase;
			buildActionMask = 2147483647;
			files = (
			);
			runOnlyForDeploymentPostprocessing = 0;
		};
		BD103AEE2DD5EED50098F994 /* Frameworks */ = {
			isa = PBXFrameworksBuildPhase;
			buildActionMask = 2147483647;
			files = (
				BD103AF32DD5EED50098F994 /* SwiftUI.framework in Frameworks */,
				BD103AF22DD5EED50098F994 /* WidgetKit.framework in Frameworks */,
			);
			runOnlyForDeploymentPostprocessing = 0;
		};
/* End PBXFrameworksBuildPhase section */

/* Begin PBXGroup section */
		4A685DAB2D88083C0053791C = {
			isa = PBXGroup;
			children = (
				BD9E3CD22E0CECDD00D1EC08 /* BSDGo.entitlements */,
				BD2013942E0C6283003FCDB4 /* BSDGo */,
				BD5373212DD9C22D00CCC681 /* FeatureWidgetExtension.entitlements */,
				BDC6D1892DD63BE6004209DD /* FeatureWidget */,
				BD1038F12DD5AFC80098F994 /* Frameworks */,
				4A685DB52D88083C0053791C /* Products */,
				4A479BEB2D92E4150008030E /* SRPlayground.playground */,
			);
			sourceTree = "<group>";
		};
		4A685DB52D88083C0053791C /* Products */ = {
			isa = PBXGroup;
			children = (
				4A685DB42D88083C0053791C /* BSDGo.app */,
				4A685DC62D88083E0053791C /* BSDGoTests.xctest */,
				4A685DD02D88083E0053791C /* BSDGoUITests.xctest */,
				BD103AF12DD5EED50098F994 /* FeatureWidgetExtension.appex */,
			);
			name = Products;
			sourceTree = "<group>";
		};
		BD1038F12DD5AFC80098F994 /* Frameworks */ = {
			isa = PBXGroup;
			children = (
				BD1038F22DD5AFC80098F994 /* WidgetKit.framework */,
				BD1038F42DD5AFC80098F994 /* SwiftUI.framework */,
			);
			name = Frameworks;
			sourceTree = "<group>";
		};
		BD2013682E0C6283003FCDB4 /* Annotation */ = {
			isa = PBXGroup;
			children = (
				BD2013662E0C6283003FCDB4 /* StopAnnotation.swift */,
				BD2013672E0C6283003FCDB4 /* UserAnnotation.swift */,
			);
			path = Annotation;
			sourceTree = "<group>";
		};
		BD20136B2E0C6283003FCDB4 /* Card */ = {
			isa = PBXGroup;
			children = (
				BD2013692E0C6283003FCDB4 /* BusCard.swift */,
				BD20136A2E0C6283003FCDB4 /* TitleCard.swift */,
			);
			path = Card;
			sourceTree = "<group>";
		};
		BD20136D2E0C6283003FCDB4 /* Row */ = {
			isa = PBXGroup;
			children = (
				BD20136C2E0C6283003FCDB4 /* BusRow.swift */,
			);
			path = Row;
			sourceTree = "<group>";
		};
		BD20136F2E0C6283003FCDB4 /* SearchBar */ = {
			isa = PBXGroup;
			children = (
				BD20136E2E0C6283003FCDB4 /* SearchBar.swift */,
			);
			path = SearchBar;
			sourceTree = "<group>";
		};
		BD2013702E0C6283003FCDB4 /* components */ = {
			isa = PBXGroup;
			children = (
				BD2013682E0C6283003FCDB4 /* Annotation */,
				BD20136B2E0C6283003FCDB4 /* Card */,
				BD20136D2E0C6283003FCDB4 /* Row */,
				BD20136F2E0C6283003FCDB4 /* SearchBar */,
			);
			path = components;
			sourceTree = "<group>";
		};
		BD2013742E0C6283003FCDB4 /* Schedule */ = {
			isa = PBXGroup;
			children = (
				BD2013712E0C6283003FCDB4 /* Schedule_Breeze.json */,
				BD2013722E0C6283003FCDB4 /* Schedule_Intermoda_Sektor1.3.json */,
				BD2013732E0C6283003FCDB4 /* Schedule_Vanya.json */,
			);
			path = Schedule;
			sourceTree = "<group>";
		};
		BD2013792E0C6283003FCDB4 /* Data */ = {
			isa = PBXGroup;
			children = (
				BD2013742E0C6283003FCDB4 /* Schedule */,
				BD2013752E0C6283003FCDB4 /* Bus.json */,
				BD2013762E0C6283003FCDB4 /* Schedule.json */,
				BD2013772E0C6283003FCDB4 /* stops.csv */,
				BD2013782E0C6283003FCDB4 /* Stops.json */,
			);
			path = Data;
			sourceTree = "<group>";
			usesTabs = 0;
		};
		BD20137C2E0C6283003FCDB4 /* Dump */ = {
			isa = PBXGroup;
			children = (
				BD20137A2E0C6283003FCDB4 /* BusRouteDump.swift */,
				BD20137B2E0C6283003FCDB4 /* BusRouteDump2.swift */,
			);
			path = Dump;
			sourceTree = "<group>";
		};
		BD2013802E0C6283003FCDB4 /* Model */ = {
			isa = PBXGroup;
			children = (
				BD20137D2E0C6283003FCDB4 /* Bus.swift */,
				BD20137E2E0C6283003FCDB4 /* BusSchedule.swift */,
				BD20137F2E0C6283003FCDB4 /* BusStop.swift */,
			);
			path = Model;
			sourceTree = "<group>";
		};
		BD2013822E0C6283003FCDB4 /* Preview Content */ = {
			isa = PBXGroup;
			children = (
				BD2013812E0C6283003FCDB4 /* Preview Assets.xcassets */,
			);
			path = "Preview Content";
			sourceTree = "<group>";
		};
		BD2013842E0C6283003FCDB4 /* Map */ = {
			isa = PBXGroup;
			children = (
				BD2013832E0C6283003FCDB4 /* MapView.swift */,
			);
			path = Map;
			sourceTree = "<group>";
		};
		BD2013882E0C6283003FCDB4 /* Sheet */ = {
			isa = PBXGroup;
			children = (
				BD2013852E0C6283003FCDB4 /* BusRouteView.swift */,
				BD2013862E0C6283003FCDB4 /* BusStopDetailView.swift */,
				BD2013872E0C6283003FCDB4 /* DefaultSheetView.swift */,
			);
			path = Sheet;
			sourceTree = "<group>";
		};
		BD20138A2E0C6283003FCDB4 /* Splash */ = {
			isa = PBXGroup;
			children = (
				BD2013892E0C6283003FCDB4 /* SplashView.swift */,
			);
			path = Splash;
			sourceTree = "<group>";
		};
		BD20138B2E0C6283003FCDB4 /* View */ = {
			isa = PBXGroup;
			children = (
				BD2013842E0C6283003FCDB4 /* Map */,
				BD2013882E0C6283003FCDB4 /* Sheet */,
				BD20138A2E0C6283003FCDB4 /* Splash */,
			);
			path = View;
			sourceTree = "<group>";
		};
		BD2013902E0C6283003FCDB4 /* ViewModel */ = {
			isa = PBXGroup;
			children = (
				BD20138C2E0C6283003FCDB4 /* BusRouteViewModel.swift */,
				BD20138D2E0C6283003FCDB4 /* LocationManager.swift */,
				BD20138E2E0C6283003FCDB4 /* MapViewModel.swift */,
				BD20138F2E0C6283003FCDB4 /* SheetViewModel.swift */,
			);
			path = ViewModel;
			sourceTree = "<group>";
		};
		BD2013942E0C6283003FCDB4 /* BSDGo */ = {
			isa = PBXGroup;
			children = (
				BD2013702E0C6283003FCDB4 /* components */,
				BD2013792E0C6283003FCDB4 /* Data */,
				BD20137C2E0C6283003FCDB4 /* Dump */,
				BD2013802E0C6283003FCDB4 /* Model */,
				BD2013822E0C6283003FCDB4 /* Preview Content */,
				BD20138B2E0C6283003FCDB4 /* View */,
				BD2013902E0C6283003FCDB4 /* ViewModel */,
				BD2013912E0C6283003FCDB4 /* Assets.xcassets */,
				BD2013932E0C6283003FCDB4 /* BSDGoApp.swift */,
			);
			path = BSDGo;
			sourceTree = "<group>";
		};
/* End PBXGroup section */

/* Begin PBXNativeTarget section */
		4A685DB32D88083C0053791C /* BSDGo */ = {
			isa = PBXNativeTarget;
			buildConfigurationList = 4A685DDA2D88083E0053791C /* Build configuration list for PBXNativeTarget "BSDGo" */;
			buildPhases = (
				4A685DB02D88083C0053791C /* Sources */,
				4A685DB12D88083C0053791C /* Frameworks */,
				4A685DB22D88083C0053791C /* Resources */,
				BD1039032DD5AFC90098F994 /* Embed Foundation Extensions */,
			);
			buildRules = (
			);
			dependencies = (
				BD103AFF2DD5EED60098F994 /* PBXTargetDependency */,
			);
			name = BSDGo;
			packageProductDependencies = (
			);
			productName = SwiftRide;
			productReference = 4A685DB42D88083C0053791C /* BSDGo.app */;
			productType = "com.apple.product-type.application";
		};
		4A685DC52D88083E0053791C /* BSDGoTests */ = {
			isa = PBXNativeTarget;
			buildConfigurationList = 4A685DDD2D88083E0053791C /* Build configuration list for PBXNativeTarget "BSDGoTests" */;
			buildPhases = (
				4A685DC22D88083E0053791C /* Sources */,
				4A685DC32D88083E0053791C /* Frameworks */,
				4A685DC42D88083E0053791C /* Resources */,
			);
			buildRules = (
			);
			dependencies = (
				4A685DC82D88083E0053791C /* PBXTargetDependency */,
			);
			name = BSDGoTests;
			packageProductDependencies = (
			);
			productName = SwiftRideTests;
			productReference = 4A685DC62D88083E0053791C /* BSDGoTests.xctest */;
			productType = "com.apple.product-type.bundle.unit-test";
		};
		4A685DCF2D88083E0053791C /* BSDGoUITests */ = {
			isa = PBXNativeTarget;
			buildConfigurationList = 4A685DE02D88083E0053791C /* Build configuration list for PBXNativeTarget "BSDGoUITests" */;
			buildPhases = (
				4A685DCC2D88083E0053791C /* Sources */,
				4A685DCD2D88083E0053791C /* Frameworks */,
				4A685DCE2D88083E0053791C /* Resources */,
			);
			buildRules = (
			);
			dependencies = (
				4A685DD22D88083E0053791C /* PBXTargetDependency */,
			);
			name = BSDGoUITests;
			packageProductDependencies = (
			);
			productName = SwiftRideUITests;
			productReference = 4A685DD02D88083E0053791C /* BSDGoUITests.xctest */;
			productType = "com.apple.product-type.bundle.ui-testing";
		};
		BD103AF02DD5EED50098F994 /* FeatureWidgetExtension */ = {
			isa = PBXNativeTarget;
			buildConfigurationList = BD103B042DD5EED60098F994 /* Build configuration list for PBXNativeTarget "FeatureWidgetExtension" */;
			buildPhases = (
				BD103AED2DD5EED50098F994 /* Sources */,
				BD103AEE2DD5EED50098F994 /* Frameworks */,
				BD103AEF2DD5EED50098F994 /* Resources */,
			);
			buildRules = (
			);
			dependencies = (
			);
			fileSystemSynchronizedGroups = (
				BDC6D1892DD63BE6004209DD /* FeatureWidget */,
			);
			name = FeatureWidgetExtension;
			packageProductDependencies = (
			);
			productName = FeatureWidgetExtension;
			productReference = BD103AF12DD5EED50098F994 /* FeatureWidgetExtension.appex */;
			productType = "com.apple.product-type.app-extension";
		};
/* End PBXNativeTarget section */

/* Begin PBXProject section */
		4A685DAC2D88083C0053791C /* Project object */ = {
			isa = PBXProject;
			attributes = {
				BuildIndependentTargetsInParallel = 1;
				LastSwiftUpdateCheck = 1630;
				LastUpgradeCheck = 1640;
				TargetAttributes = {
					4A685DB32D88083C0053791C = {
						CreatedOnToolsVersion = 16.2;
					};
					4A685DC52D88083E0053791C = {
						CreatedOnToolsVersion = 16.2;
						TestTargetID = 4A685DB32D88083C0053791C;
					};
					4A685DCF2D88083E0053791C = {
						CreatedOnToolsVersion = 16.2;
						TestTargetID = 4A685DB32D88083C0053791C;
					};
					BD103AF02DD5EED50098F994 = {
						CreatedOnToolsVersion = 16.3;
					};
				};
			};
			buildConfigurationList = 4A685DAF2D88083C0053791C /* Build configuration list for PBXProject "BSDGo" */;
			developmentRegion = en;
			hasScannedForEncodings = 0;
			knownRegions = (
				en,
				Base,
			);
			mainGroup = 4A685DAB2D88083C0053791C;
			minimizedProjectReferenceProxies = 1;
			preferredProjectObjectVersion = 77;
			productRefGroup = 4A685DB52D88083C0053791C /* Products */;
			projectDirPath = "";
			projectRoot = "";
			targets = (
				4A685DB32D88083C0053791C /* BSDGo */,
				4A685DC52D88083E0053791C /* BSDGoTests */,
				4A685DCF2D88083E0053791C /* BSDGoUITests */,
				BD103AF02DD5EED50098F994 /* FeatureWidgetExtension */,
			);
		};
/* End PBXProject section */

/* Begin PBXResourcesBuildPhase section */
		4A685DB22D88083C0053791C /* Resources */ = {
			isa = PBXResourcesBuildPhase;
			buildActionMask = 2147483647;
			files = (
				BD2013AA2E0C6283003FCDB4 /* Schedule.json in Resources */,
				BD2013AB2E0C6283003FCDB4 /* Stops.json in Resources */,
				BD2013AC2E0C6283003FCDB4 /* Schedule_Vanya.json in Resources */,
				BD2013AD2E0C6283003FCDB4 /* Bus.json in Resources */,
				BD2013AE2E0C6283003FCDB4 /* Schedule_Breeze.json in Resources */,
				BD2013AF2E0C6283003FCDB4 /* Preview Assets.xcassets in Resources */,
				BD2013B02E0C6283003FCDB4 /* stops.csv in Resources */,
				BD2013B12E0C6283003FCDB4 /* Schedule_Intermoda_Sektor1.3.json in Resources */,
				BD2013B22E0C6283003FCDB4 /* Assets.xcassets in Resources */,
			);
			runOnlyForDeploymentPostprocessing = 0;
		};
		4A685DC42D88083E0053791C /* Resources */ = {
			isa = PBXResourcesBuildPhase;
			buildActionMask = 2147483647;
			files = (
			);
			runOnlyForDeploymentPostprocessing = 0;
		};
		4A685DCE2D88083E0053791C /* Resources */ = {
			isa = PBXResourcesBuildPhase;
			buildActionMask = 2147483647;
			files = (
			);
			runOnlyForDeploymentPostprocessing = 0;
		};
		BD103AEF2DD5EED50098F994 /* Resources */ = {
			isa = PBXResourcesBuildPhase;
			buildActionMask = 2147483647;
			files = (
			);
			runOnlyForDeploymentPostprocessing = 0;
		};
/* End PBXResourcesBuildPhase section */

/* Begin PBXSourcesBuildPhase section */
		4A685DB02D88083C0053791C /* Sources */ = {
			isa = PBXSourcesBuildPhase;
			buildActionMask = 2147483647;
			files = (
				BD2013952E0C6283003FCDB4 /* BusSchedule.swift in Sources */,
				BD2013962E0C6283003FCDB4 /* BusCard.swift in Sources */,
				BD2013972E0C6283003FCDB4 /* MapViewModel.swift in Sources */,
				BD2013982E0C6283003FCDB4 /* BusRouteView.swift in Sources */,
				BD2013992E0C6283003FCDB4 /* StopAnnotation.swift in Sources */,
				BD20139A2E0C6283003FCDB4 /* BusRouteDump.swift in Sources */,
				BD20139B2E0C6283003FCDB4 /* MapView.swift in Sources */,
				BD20139C2E0C6283003FCDB4 /* DefaultSheetView.swift in Sources */,
				BD20139D2E0C6283003FCDB4 /* BusStop.swift in Sources */,
				BD20139E2E0C6283003FCDB4 /* SearchBar.swift in Sources */,
				BD20139F2E0C6283003FCDB4 /* TitleCard.swift in Sources */,
				BD2013A02E0C6283003FCDB4 /* SplashView.swift in Sources */,
				BD2013A12E0C6283003FCDB4 /* UserAnnotation.swift in Sources */,
				BD2013A22E0C6283003FCDB4 /* BusRouteViewModel.swift in Sources */,
				BD2013A32E0C6283003FCDB4 /* SheetViewModel.swift in Sources */,
				BD2013A42E0C6283003FCDB4 /* LocationManager.swift in Sources */,
				BD2013A52E0C6283003FCDB4 /* Bus.swift in Sources */,
				BD2013A62E0C6283003FCDB4 /* BusRouteDump2.swift in Sources */,
				BD2013A72E0C6283003FCDB4 /* BusRow.swift in Sources */,
				BD2013A82E0C6283003FCDB4 /* BSDGoApp.swift in Sources */,
				BD2013A92E0C6283003FCDB4 /* BusStopDetailView.swift in Sources */,
			);
			runOnlyForDeploymentPostprocessing = 0;
		};
		4A685DC22D88083E0053791C /* Sources */ = {
			isa = PBXSourcesBuildPhase;
			buildActionMask = 2147483647;
			files = (
			);
			runOnlyForDeploymentPostprocessing = 0;
		};
		4A685DCC2D88083E0053791C /* Sources */ = {
			isa = PBXSourcesBuildPhase;
			buildActionMask = 2147483647;
			files = (
			);
			runOnlyForDeploymentPostprocessing = 0;
		};
		BD103AED2DD5EED50098F994 /* Sources */ = {
			isa = PBXSourcesBuildPhase;
			buildActionMask = 2147483647;
			files = (
				BD70EFE22E0D2ECD0081BC4A /* BusStop.swift in Sources */,
			);
			runOnlyForDeploymentPostprocessing = 0;
		};
/* End PBXSourcesBuildPhase section */

/* Begin PBXTargetDependency section */
		4A685DC82D88083E0053791C /* PBXTargetDependency */ = {
			isa = PBXTargetDependency;
			target = 4A685DB32D88083C0053791C /* BSDGo */;
			targetProxy = 4A685DC72D88083E0053791C /* PBXContainerItemProxy */;
		};
		4A685DD22D88083E0053791C /* PBXTargetDependency */ = {
			isa = PBXTargetDependency;
			target = 4A685DB32D88083C0053791C /* BSDGo */;
			targetProxy = 4A685DD12D88083E0053791C /* PBXContainerItemProxy */;
		};
		BD103AFF2DD5EED60098F994 /* PBXTargetDependency */ = {
			isa = PBXTargetDependency;
			target = BD103AF02DD5EED50098F994 /* FeatureWidgetExtension */;
			targetProxy = BD103AFE2DD5EED60098F994 /* PBXContainerItemProxy */;
		};
/* End PBXTargetDependency section */

/* Begin PBXVariantGroup section */
		BD9E3CD22E0CECDD00D1EC08 /* BSDGo.entitlements */ = {
			isa = PBXVariantGroup;
			children = (
				BD9E3CD12E0CECDD00D1EC08 /* Base */,
			);
			name = BSDGo.entitlements;
			path = BSDGo;
			sourceTree = "<group>";
		};
/* End PBXVariantGroup section */

/* Begin XCBuildConfiguration section */
		4A685DD82D88083E0053791C /* Debug */ = {
			isa = XCBuildConfiguration;
			buildSettings = {
				ALWAYS_SEARCH_USER_PATHS = NO;
				ASSETCATALOG_COMPILER_GENERATE_SWIFT_ASSET_SYMBOL_EXTENSIONS = YES;
				CLANG_ANALYZER_NONNULL = YES;
				CLANG_ANALYZER_NUMBER_OBJECT_CONVERSION = YES_AGGRESSIVE;
				CLANG_CXX_LANGUAGE_STANDARD = "gnu++20";
				CLANG_ENABLE_MODULES = YES;
				CLANG_ENABLE_OBJC_ARC = YES;
				CLANG_ENABLE_OBJC_WEAK = YES;
				CLANG_WARN_BLOCK_CAPTURE_AUTORELEASING = YES;
				CLANG_WARN_BOOL_CONVERSION = YES;
				CLANG_WARN_COMMA = YES;
				CLANG_WARN_CONSTANT_CONVERSION = YES;
				CLANG_WARN_DEPRECATED_OBJC_IMPLEMENTATIONS = YES;
				CLANG_WARN_DIRECT_OBJC_ISA_USAGE = YES_ERROR;
				CLANG_WARN_DOCUMENTATION_COMMENTS = YES;
				CLANG_WARN_EMPTY_BODY = YES;
				CLANG_WARN_ENUM_CONVERSION = YES;
				CLANG_WARN_INFINITE_RECURSION = YES;
				CLANG_WARN_INT_CONVERSION = YES;
				CLANG_WARN_NON_LITERAL_NULL_CONVERSION = YES;
				CLANG_WARN_OBJC_IMPLICIT_RETAIN_SELF = YES;
				CLANG_WARN_OBJC_LITERAL_CONVERSION = YES;
				CLANG_WARN_OBJC_ROOT_CLASS = YES_ERROR;
				CLANG_WARN_QUOTED_INCLUDE_IN_FRAMEWORK_HEADER = YES;
				CLANG_WARN_RANGE_LOOP_ANALYSIS = YES;
				CLANG_WARN_STRICT_PROTOTYPES = YES;
				CLANG_WARN_SUSPICIOUS_MOVE = YES;
				CLANG_WARN_UNGUARDED_AVAILABILITY = YES_AGGRESSIVE;
				CLANG_WARN_UNREACHABLE_CODE = YES;
				CLANG_WARN__DUPLICATE_METHOD_MATCH = YES;
				COPY_PHASE_STRIP = NO;
				DEBUG_INFORMATION_FORMAT = dwarf;
				ENABLE_STRICT_OBJC_MSGSEND = YES;
				ENABLE_TESTABILITY = YES;
				ENABLE_USER_SCRIPT_SANDBOXING = YES;
				GCC_C_LANGUAGE_STANDARD = gnu17;
				GCC_DYNAMIC_NO_PIC = NO;
				GCC_NO_COMMON_BLOCKS = YES;
				GCC_OPTIMIZATION_LEVEL = 0;
				GCC_PREPROCESSOR_DEFINITIONS = (
					"DEBUG=1",
					"$(inherited)",
				);
				GCC_WARN_64_TO_32_BIT_CONVERSION = YES;
				GCC_WARN_ABOUT_RETURN_TYPE = YES_ERROR;
				GCC_WARN_UNDECLARED_SELECTOR = YES;
				GCC_WARN_UNINITIALIZED_AUTOS = YES_AGGRESSIVE;
				GCC_WARN_UNUSED_FUNCTION = YES;
				GCC_WARN_UNUSED_VARIABLE = YES;
				IPHONEOS_DEPLOYMENT_TARGET = 18.2;
				LOCALIZATION_PREFERS_STRING_CATALOGS = YES;
				MTL_ENABLE_DEBUG_INFO = INCLUDE_SOURCE;
				MTL_FAST_MATH = YES;
				ONLY_ACTIVE_ARCH = YES;
				SDKROOT = iphoneos;
				SWIFT_ACTIVE_COMPILATION_CONDITIONS = "DEBUG $(inherited)";
				SWIFT_OPTIMIZATION_LEVEL = "-Onone";
			};
			name = Debug;
		};
		4A685DD92D88083E0053791C /* Release */ = {
			isa = XCBuildConfiguration;
			buildSettings = {
				ALWAYS_SEARCH_USER_PATHS = NO;
				ASSETCATALOG_COMPILER_GENERATE_SWIFT_ASSET_SYMBOL_EXTENSIONS = YES;
				CLANG_ANALYZER_NONNULL = YES;
				CLANG_ANALYZER_NUMBER_OBJECT_CONVERSION = YES_AGGRESSIVE;
				CLANG_CXX_LANGUAGE_STANDARD = "gnu++20";
				CLANG_ENABLE_MODULES = YES;
				CLANG_ENABLE_OBJC_ARC = YES;
				CLANG_ENABLE_OBJC_WEAK = YES;
				CLANG_WARN_BLOCK_CAPTURE_AUTORELEASING = YES;
				CLANG_WARN_BOOL_CONVERSION = YES;
				CLANG_WARN_COMMA = YES;
				CLANG_WARN_CONSTANT_CONVERSION = YES;
				CLANG_WARN_DEPRECATED_OBJC_IMPLEMENTATIONS = YES;
				CLANG_WARN_DIRECT_OBJC_ISA_USAGE = YES_ERROR;
				CLANG_WARN_DOCUMENTATION_COMMENTS = YES;
				CLANG_WARN_EMPTY_BODY = YES;
				CLANG_WARN_ENUM_CONVERSION = YES;
				CLANG_WARN_INFINITE_RECURSION = YES;
				CLANG_WARN_INT_CONVERSION = YES;
				CLANG_WARN_NON_LITERAL_NULL_CONVERSION = YES;
				CLANG_WARN_OBJC_IMPLICIT_RETAIN_SELF = YES;
				CLANG_WARN_OBJC_LITERAL_CONVERSION = YES;
				CLANG_WARN_OBJC_ROOT_CLASS = YES_ERROR;
				CLANG_WARN_QUOTED_INCLUDE_IN_FRAMEWORK_HEADER = YES;
				CLANG_WARN_RANGE_LOOP_ANALYSIS = YES;
				CLANG_WARN_STRICT_PROTOTYPES = YES;
				CLANG_WARN_SUSPICIOUS_MOVE = YES;
				CLANG_WARN_UNGUARDED_AVAILABILITY = YES_AGGRESSIVE;
				CLANG_WARN_UNREACHABLE_CODE = YES;
				CLANG_WARN__DUPLICATE_METHOD_MATCH = YES;
				COPY_PHASE_STRIP = NO;
				DEBUG_INFORMATION_FORMAT = "dwarf-with-dsym";
				ENABLE_NS_ASSERTIONS = NO;
				ENABLE_STRICT_OBJC_MSGSEND = YES;
				ENABLE_USER_SCRIPT_SANDBOXING = YES;
				GCC_C_LANGUAGE_STANDARD = gnu17;
				GCC_NO_COMMON_BLOCKS = YES;
				GCC_WARN_64_TO_32_BIT_CONVERSION = YES;
				GCC_WARN_ABOUT_RETURN_TYPE = YES_ERROR;
				GCC_WARN_UNDECLARED_SELECTOR = YES;
				GCC_WARN_UNINITIALIZED_AUTOS = YES_AGGRESSIVE;
				GCC_WARN_UNUSED_FUNCTION = YES;
				GCC_WARN_UNUSED_VARIABLE = YES;
				IPHONEOS_DEPLOYMENT_TARGET = 18.2;
				LOCALIZATION_PREFERS_STRING_CATALOGS = YES;
				MTL_ENABLE_DEBUG_INFO = NO;
				MTL_FAST_MATH = YES;
				SDKROOT = iphoneos;
				SWIFT_COMPILATION_MODE = wholemodule;
				VALIDATE_PRODUCT = YES;
			};
			name = Release;
		};
		4A685DDB2D88083E0053791C /* Debug */ = {
			isa = XCBuildConfiguration;
			buildSettings = {
				ASSETCATALOG_COMPILER_APPICON_NAME = AppIcon;
				ASSETCATALOG_COMPILER_GLOBAL_ACCENT_COLOR_NAME = AccentColor;
				CODE_SIGN_ENTITLEMENTS = BSDGo/Base.lproj/BSDGo.entitlements;
				CODE_SIGN_IDENTITY = "Apple Development";
				CODE_SIGN_STYLE = Automatic;
				CURRENT_PROJECT_VERSION = 1;
				DEVELOPMENT_ASSET_PATHS = "\"BSDGo/Preview Content\"";
				DEVELOPMENT_TEAM = 84KMF7PD4V;
				ENABLE_PREVIEWS = YES;
				GENERATE_INFOPLIST_FILE = YES;
				INFOPLIST_KEY_CFBundleDisplayName = BSDGo;
				INFOPLIST_KEY_LSApplicationCategoryType = "public.app-category.navigation";
				INFOPLIST_KEY_NSLocationWhenInUseUsageDescription = "We need your location to show it on the map";
				INFOPLIST_KEY_UIApplicationSceneManifest_Generation = YES;
				INFOPLIST_KEY_UIApplicationSupportsIndirectInputEvents = YES;
				INFOPLIST_KEY_UILaunchScreen_Generation = YES;
				INFOPLIST_KEY_UISupportedInterfaceOrientations_iPad = "UIInterfaceOrientationPortrait UIInterfaceOrientationPortraitUpsideDown UIInterfaceOrientationLandscapeLeft UIInterfaceOrientationLandscapeRight";
				INFOPLIST_KEY_UISupportedInterfaceOrientations_iPhone = "UIInterfaceOrientationPortrait UIInterfaceOrientationLandscapeLeft UIInterfaceOrientationLandscapeRight";
				IPHONEOS_DEPLOYMENT_TARGET = 17.6;
				LD_RUNPATH_SEARCH_PATHS = (
					"$(inherited)",
					"@executable_path/Frameworks",
				);
				MARKETING_VERSION = 1.0;
				PRODUCT_BUNDLE_IDENTIFIER = "com.origin-lun.BSDGo";
				PRODUCT_NAME = BSDGo;
				PROVISIONING_PROFILE_SPECIFIER = "";
				SWIFT_EMIT_LOC_STRINGS = YES;
				SWIFT_VERSION = 5.0;
				TARGETED_DEVICE_FAMILY = "1,2";
			};
			name = Debug;
		};
		4A685DDC2D88083E0053791C /* Release */ = {
			isa = XCBuildConfiguration;
			buildSettings = {
				ASSETCATALOG_COMPILER_APPICON_NAME = AppIcon;
				ASSETCATALOG_COMPILER_GLOBAL_ACCENT_COLOR_NAME = AccentColor;
				CODE_SIGN_ENTITLEMENTS = BSDGo/Base.lproj/BSDGo.entitlements;
				CODE_SIGN_IDENTITY = "Apple Development";
				CODE_SIGN_STYLE = Automatic;
				CURRENT_PROJECT_VERSION = 1;
				DEVELOPMENT_ASSET_PATHS = "\"BSDGo/Preview Content\"";
				DEVELOPMENT_TEAM = 84KMF7PD4V;
				ENABLE_PREVIEWS = YES;
				GENERATE_INFOPLIST_FILE = YES;
				INFOPLIST_KEY_CFBundleDisplayName = BSDGo;
				INFOPLIST_KEY_LSApplicationCategoryType = "public.app-category.navigation";
				INFOPLIST_KEY_NSLocationWhenInUseUsageDescription = "We need your location to show it on the map";
				INFOPLIST_KEY_UIApplicationSceneManifest_Generation = YES;
				INFOPLIST_KEY_UIApplicationSupportsIndirectInputEvents = YES;
				INFOPLIST_KEY_UILaunchScreen_Generation = YES;
				INFOPLIST_KEY_UISupportedInterfaceOrientations_iPad = "UIInterfaceOrientationPortrait UIInterfaceOrientationPortraitUpsideDown UIInterfaceOrientationLandscapeLeft UIInterfaceOrientationLandscapeRight";
				INFOPLIST_KEY_UISupportedInterfaceOrientations_iPhone = "UIInterfaceOrientationPortrait UIInterfaceOrientationLandscapeLeft UIInterfaceOrientationLandscapeRight";
				IPHONEOS_DEPLOYMENT_TARGET = 17.6;
				LD_RUNPATH_SEARCH_PATHS = (
					"$(inherited)",
					"@executable_path/Frameworks",
				);
				MARKETING_VERSION = 1.0;
				PRODUCT_BUNDLE_IDENTIFIER = "com.origin-lun.BSDGo";
				PRODUCT_NAME = BSDGo;
				PROVISIONING_PROFILE_SPECIFIER = "";
				SWIFT_EMIT_LOC_STRINGS = YES;
				SWIFT_VERSION = 5.0;
				TARGETED_DEVICE_FAMILY = "1,2";
			};
			name = Release;
		};
		4A685DDE2D88083E0053791C /* Debug */ = {
			isa = XCBuildConfiguration;
			buildSettings = {
				BUNDLE_LOADER = "$(TEST_HOST)";
				CODE_SIGN_STYLE = Automatic;
				CURRENT_PROJECT_VERSION = 1;
				GENERATE_INFOPLIST_FILE = YES;
				IPHONEOS_DEPLOYMENT_TARGET = 17.6;
				MARKETING_VERSION = 1.0;
				PRODUCT_BUNDLE_IDENTIFIER = "com.ccone-seven.SwiftRideTests";
				PRODUCT_NAME = "$(TARGET_NAME)";
				SWIFT_EMIT_LOC_STRINGS = NO;
				SWIFT_VERSION = 5.0;
				TARGETED_DEVICE_FAMILY = "1,2";
				TEST_HOST = "$(BUILT_PRODUCTS_DIR)/SwiftRide.app/$(BUNDLE_EXECUTABLE_FOLDER_PATH)/SwiftRide";
			};
			name = Debug;
		};
		4A685DDF2D88083E0053791C /* Release */ = {
			isa = XCBuildConfiguration;
			buildSettings = {
				BUNDLE_LOADER = "$(TEST_HOST)";
				CODE_SIGN_STYLE = Automatic;
				CURRENT_PROJECT_VERSION = 1;
				GENERATE_INFOPLIST_FILE = YES;
				IPHONEOS_DEPLOYMENT_TARGET = 17.6;
				MARKETING_VERSION = 1.0;
				PRODUCT_BUNDLE_IDENTIFIER = "com.ccone-seven.SwiftRideTests";
				PRODUCT_NAME = "$(TARGET_NAME)";
				SWIFT_EMIT_LOC_STRINGS = NO;
				SWIFT_VERSION = 5.0;
				TARGETED_DEVICE_FAMILY = "1,2";
				TEST_HOST = "$(BUILT_PRODUCTS_DIR)/SwiftRide.app/$(BUNDLE_EXECUTABLE_FOLDER_PATH)/SwiftRide";
			};
			name = Release;
		};
		4A685DE12D88083E0053791C /* Debug */ = {
			isa = XCBuildConfiguration;
			buildSettings = {
				CODE_SIGN_STYLE = Automatic;
				CURRENT_PROJECT_VERSION = 1;
				GENERATE_INFOPLIST_FILE = YES;
				IPHONEOS_DEPLOYMENT_TARGET = 17.6;
				MARKETING_VERSION = 1.0;
				PRODUCT_BUNDLE_IDENTIFIER = "com.ccone-seven.SwiftRideUITests";
				PRODUCT_NAME = "$(TARGET_NAME)";
				SWIFT_EMIT_LOC_STRINGS = NO;
				SWIFT_VERSION = 5.0;
				TARGETED_DEVICE_FAMILY = "1,2";
				TEST_TARGET_NAME = SwiftRide;
			};
			name = Debug;
		};
		4A685DE22D88083E0053791C /* Release */ = {
			isa = XCBuildConfiguration;
			buildSettings = {
				CODE_SIGN_STYLE = Automatic;
				CURRENT_PROJECT_VERSION = 1;
				GENERATE_INFOPLIST_FILE = YES;
				IPHONEOS_DEPLOYMENT_TARGET = 17.6;
				MARKETING_VERSION = 1.0;
				PRODUCT_BUNDLE_IDENTIFIER = "com.ccone-seven.SwiftRideUITests";
				PRODUCT_NAME = "$(TARGET_NAME)";
				SWIFT_EMIT_LOC_STRINGS = NO;
				SWIFT_VERSION = 5.0;
				TARGETED_DEVICE_FAMILY = "1,2";
				TEST_TARGET_NAME = SwiftRide;
			};
			name = Release;
		};
		BD103B012DD5EED60098F994 /* Debug */ = {
			isa = XCBuildConfiguration;
			buildSettings = {
				ASSETCATALOG_COMPILER_GLOBAL_ACCENT_COLOR_NAME = AccentColor;
				ASSETCATALOG_COMPILER_WIDGET_BACKGROUND_COLOR_NAME = WidgetBackground;
				CODE_SIGN_ENTITLEMENTS = FeatureWidgetExtension.entitlements;
				CODE_SIGN_IDENTITY = "Apple Development";
				CODE_SIGN_STYLE = Automatic;
				CURRENT_PROJECT_VERSION = 1;
				DEVELOPMENT_TEAM = 84KMF7PD4V;
				GENERATE_INFOPLIST_FILE = YES;
				INFOPLIST_FILE = FeatureWidget/Info.plist;
				INFOPLIST_KEY_CFBundleDisplayName = FeatureWidget;
				INFOPLIST_KEY_LSApplicationCategoryType = "";
				INFOPLIST_KEY_NSHumanReadableCopyright = "";
				IPHONEOS_DEPLOYMENT_TARGET = 17.6;
				LD_RUNPATH_SEARCH_PATHS = (
					"$(inherited)",
					"@executable_path/Frameworks",
					"@executable_path/../../Frameworks",
				);
				MARKETING_VERSION = 1.0;
				PRODUCT_BUNDLE_IDENTIFIER = "com.origin-lun.BSDGo.widget";
				PRODUCT_NAME = "$(TARGET_NAME)";
				PROVISIONING_PROFILE_SPECIFIER = "";
				SKIP_INSTALL = YES;
				SWIFT_EMIT_LOC_STRINGS = YES;
				SWIFT_VERSION = 5.0;
				TARGETED_DEVICE_FAMILY = "1,2";
			};
			name = Debug;
		};
		BD103B022DD5EED60098F994 /* Release */ = {
			isa = XCBuildConfiguration;
			buildSettings = {
				ASSETCATALOG_COMPILER_GLOBAL_ACCENT_COLOR_NAME = AccentColor;
				ASSETCATALOG_COMPILER_WIDGET_BACKGROUND_COLOR_NAME = WidgetBackground;
				CODE_SIGN_ENTITLEMENTS = FeatureWidgetExtension.entitlements;
				CODE_SIGN_IDENTITY = "Apple Development";
				CODE_SIGN_STYLE = Automatic;
				CURRENT_PROJECT_VERSION = 1;
				DEVELOPMENT_TEAM = 84KMF7PD4V;
				GENERATE_INFOPLIST_FILE = YES;
				INFOPLIST_FILE = FeatureWidget/Info.plist;
				INFOPLIST_KEY_CFBundleDisplayName = FeatureWidget;
				INFOPLIST_KEY_LSApplicationCategoryType = "";
				INFOPLIST_KEY_NSHumanReadableCopyright = "";
				IPHONEOS_DEPLOYMENT_TARGET = 17.6;
				LD_RUNPATH_SEARCH_PATHS = (
					"$(inherited)",
					"@executable_path/Frameworks",
					"@executable_path/../../Frameworks",
				);
				MARKETING_VERSION = 1.0;
				PRODUCT_BUNDLE_IDENTIFIER = "com.origin-lun.BSDGo.widget";
				PRODUCT_NAME = "$(TARGET_NAME)";
				PROVISIONING_PROFILE_SPECIFIER = "";
				SKIP_INSTALL = YES;
				SWIFT_EMIT_LOC_STRINGS = YES;
				SWIFT_VERSION = 5.0;
				TARGETED_DEVICE_FAMILY = "1,2";
			};
			name = Release;
		};
/* End XCBuildConfiguration section */

/* Begin XCConfigurationList section */
		4A685DAF2D88083C0053791C /* Build configuration list for PBXProject "BSDGo" */ = {
			isa = XCConfigurationList;
			buildConfigurations = (
				4A685DD82D88083E0053791C /* Debug */,
				4A685DD92D88083E0053791C /* Release */,
			);
			defaultConfigurationIsVisible = 0;
			defaultConfigurationName = Release;
		};
		4A685DDA2D88083E0053791C /* Build configuration list for PBXNativeTarget "BSDGo" */ = {
			isa = XCConfigurationList;
			buildConfigurations = (
				4A685DDB2D88083E0053791C /* Debug */,
				4A685DDC2D88083E0053791C /* Release */,
			);
			defaultConfigurationIsVisible = 0;
			defaultConfigurationName = Release;
		};
		4A685DDD2D88083E0053791C /* Build configuration list for PBXNativeTarget "BSDGoTests" */ = {
			isa = XCConfigurationList;
			buildConfigurations = (
				4A685DDE2D88083E0053791C /* Debug */,
				4A685DDF2D88083E0053791C /* Release */,
			);
			defaultConfigurationIsVisible = 0;
			defaultConfigurationName = Release;
		};
		4A685DE02D88083E0053791C /* Build configuration list for PBXNativeTarget "BSDGoUITests" */ = {
			isa = XCConfigurationList;
			buildConfigurations = (
				4A685DE12D88083E0053791C /* Debug */,
				4A685DE22D88083E0053791C /* Release */,
			);
			defaultConfigurationIsVisible = 0;
			defaultConfigurationName = Release;
		};
		BD103B042DD5EED60098F994 /* Build configuration list for PBXNativeTarget "FeatureWidgetExtension" */ = {
			isa = XCConfigurationList;
			buildConfigurations = (
				BD103B012DD5EED60098F994 /* Debug */,
				BD103B022DD5EED60098F994 /* Release */,
			);
			defaultConfigurationIsVisible = 0;
			defaultConfigurationName = Release;
		};
/* End XCConfigurationList section */
	};
	rootObject = 4A685DAC2D88083C0053791C /* Project object */;
}
